{
  "requires": true,
  "lockfileVersion": 1,
  "dependencies": {
    "mdbootstrap": {
      "version": "4.19.0",
      "resolved": "https://registry.npmjs.org/mdbootstrap/-/mdbootstrap-4.19.0.tgz",
      "integrity": "sha512-znMvzFGzfjRNO70wv2PXdGsFYb6VwAQ1LUw1r07fpREXhSFKAvAhoBZbaz+pOu8tiOzXBm62Y0H9Bm3C/197rw=="
    }
  }
}
